version: 6
environments:
  default:
    channels:
    - url: https://conda.anaconda.org/conda-forge/
    - url: https://conda.anaconda.org/bioconda/
    indexes:
    - https://pypi.org/simple
    options:
      pypi-prerelease-mode: if-necessary-or-explicit
    packages:
      linux-64:
      - conda: https://conda.anaconda.org/conda-forge/linux-64/_openmp_mutex-4.5-20_gnu.conda
      - conda: https://conda.anaconda.org/conda-forge/linux-64/autoconf-2.71-pl5321h2b4cb7a_1.conda
      - conda: https://conda.anaconda.org/conda-forge/linux-64/automake-1.16.5-pl5321ha770c72_0.tar.bz2
      - conda: https://conda.anaconda.org/conda-forge/linux-64/binutils_impl_linux-64-2.45.1-bootstrap_h59bd682_2.conda
      - conda: https://conda.anaconda.org/conda-forge/linux-64/bzip2-1.0.8-hda65f42_9.conda
      - conda: https://conda.anaconda.org/conda-forge/noarch/ca-certificates-2026.2.25-hbd8a1cb_0.conda
      - conda: https://conda.anaconda.org/conda-forge/linux-64/conda-gcc-specs-13.4.0-h109b0d3_18.conda
      - conda: https://conda.anaconda.org/conda-forge/linux-64/gcc-13.4.0-h0dff253_18.conda
      - conda: https://conda.anaconda.org/conda-forge/linux-64/gcc_impl_linux-64-13.4.0-he2fa53e_18.conda
      - conda: https://conda.anaconda.org/conda-forge/linux-64/gxx-13.4.0-h76987e4_18.conda
      - conda: https://conda.anaconda.org/conda-forge/linux-64/gxx_impl_linux-64-13.4.0-h6a38259_18.conda
      - conda: https://conda.anaconda.org/conda-forge/noarch/kernel-headers_linux-64-4.18.0-he073ed8_9.conda
      - conda: https://conda.anaconda.org/conda-forge/linux-64/ld_impl_linux-64-2.45.1-bootstrap_ha15bf96_2.conda
      - conda: https://conda.anaconda.org/conda-forge/linux-64/libexpat-2.7.5-hecca717_0.conda
      - conda: https://conda.anaconda.org/conda-forge/linux-64/libffi-3.5.2-h3435931_0.conda
      - conda: https://conda.anaconda.org/conda-forge/linux-64/libgcc-15.2.0-he0feb66_18.conda
      - conda: https://conda.anaconda.org/conda-forge/noarch/libgcc-devel_linux-64-13.4.0-hd1d28cc_118.conda
      - conda: https://conda.anaconda.org/conda-forge/linux-64/libgcc-ng-15.2.0-h69a702a_18.conda
      - conda: https://conda.anaconda.org/conda-forge/linux-64/libgomp-15.2.0-he0feb66_18.conda
      - conda: https://conda.anaconda.org/conda-forge/linux-64/liblzma-5.8.3-hb03c661_0.conda
      - conda: https://conda.anaconda.org/conda-forge/linux-64/liblzma-devel-5.8.3-hb03c661_0.conda
      - conda: https://conda.anaconda.org/conda-forge/linux-64/libnsl-2.0.1-hb9d3cd8_1.conda
      - conda: https://conda.anaconda.org/conda-forge/linux-64/libsanitizer-13.4.0-h2a15e64_18.conda
      - conda: https://conda.anaconda.org/conda-forge/linux-64/libsqlite-3.46.0-hde9e2c9_0.conda
      - conda: https://conda.anaconda.org/conda-forge/linux-64/libstdcxx-15.2.0-h934c35e_18.conda
      - conda: https://conda.anaconda.org/conda-forge/noarch/libstdcxx-devel_linux-64-13.4.0-h6963c3b_118.conda
      - conda: https://conda.anaconda.org/conda-forge/linux-64/libtool-2.4.7-he02047a_1.conda
      - conda: https://conda.anaconda.org/conda-forge/linux-64/libuuid-2.42-h5347b49_0.conda
      - conda: https://conda.anaconda.org/conda-forge/linux-64/libxcrypt-4.4.36-hd590300_1.conda
      - conda: https://conda.anaconda.org/conda-forge/linux-64/libzlib-1.2.13-h4ab18f5_6.conda
      - conda: https://conda.anaconda.org/conda-forge/linux-64/m4-1.4.21-hb03c661_0.conda
      - conda: https://conda.anaconda.org/conda-forge/linux-64/make-4.4.1-hb9d3cd8_2.conda
      - conda: https://conda.anaconda.org/conda-forge/linux-64/ncurses-6.5-h2d0b736_3.conda
      - conda: https://conda.anaconda.org/conda-forge/linux-64/openssl-3.6.2-h35e630c_0.conda
      - conda: https://conda.anaconda.org/conda-forge/noarch/packaging-26.1-pyhc364b38_0.conda
      - conda: https://conda.anaconda.org/conda-forge/linux-64/perl-5.32.1-7_hd590300_perl5.conda
      - conda: https://conda.anaconda.org/conda-forge/noarch/pip-26.0.1-pyh8b19718_0.conda
      - conda: https://conda.anaconda.org/conda-forge/linux-64/python-3.11.9-hb806964_0_cpython.conda
      - conda: https://conda.anaconda.org/conda-forge/linux-64/readline-8.3-h853b02a_0.conda
      - conda: https://conda.anaconda.org/conda-forge/noarch/setuptools-82.0.1-pyh332efcf_0.conda
      - conda: https://conda.anaconda.org/conda-forge/noarch/sysroot_linux-64-2.28-h4ee821c_9.conda
      - conda: https://conda.anaconda.org/conda-forge/linux-64/tk-8.6.13-noxft_h4845f30_101.conda
      - conda: https://conda.anaconda.org/conda-forge/noarch/tzdata-2025c-hc9c84f9_1.conda
      - conda: https://conda.anaconda.org/conda-forge/noarch/wheel-0.46.3-pyhd8ed1ab_0.conda
      - conda: https://conda.anaconda.org/conda-forge/linux-64/xz-5.8.3-ha02ee65_0.conda
      - conda: https://conda.anaconda.org/conda-forge/linux-64/xz-gpl-tools-5.8.3-ha02ee65_0.conda
      - conda: https://conda.anaconda.org/conda-forge/linux-64/xz-tools-5.8.3-hb03c661_0.conda
      - conda: https://conda.anaconda.org/conda-forge/linux-64/zlib-1.2.13-h4ab18f5_6.conda
      - pypi: https://files.pythonhosted.org/packages/ca/64/b923da8df7f3e3887fafa6d8a94c0f8c38b785be60aa725c5f0f614b6226/bsbolt-1.6.0.tar.gz
      - pypi: https://files.pythonhosted.org/packages/cf/c5/9fcb7e0e69cef59cf10c746b84f7d58b08bc66a6b7d459783c5a4f6101a6/numpy-2.4.4-cp311-cp311-manylinux_2_27_x86_64.manylinux_2_28_x86_64.whl
      - pypi: https://files.pythonhosted.org/packages/7b/98/936efaa190ad843c71ca397addc02e676ea4fb389437e2ca0471ad39efb0/pysam-0.23.3-cp311-cp311-manylinux_2_28_x86_64.whl
      - pypi: https://files.pythonhosted.org/packages/16/e1/3079a9ff9b8e11b846c6ac5c8b5bfb7ff225eee721825310c91b3b50304f/tqdm-4.67.3-py3-none-any.whl
packages:
- conda: https://conda.anaconda.org/conda-forge/linux-64/_openmp_mutex-4.5-20_gnu.conda
  build_number: 20
  sha256: 1dd3fffd892081df9726d7eb7e0dea6198962ba775bd88842135a4ddb4deb3c9
  md5: a9f577daf3de00bca7c3c76c0ecbd1de
  depends:
  - __glibc >=2.17,<3.0.a0
  - libgomp >=7.5.0
  constrains:
  - openmp_impl <0.0a0
  license: BSD-3-Clause
  license_family: BSD
  purls: []
  size: 28948
  timestamp: 1770939786096
- conda: https://conda.anaconda.org/conda-forge/linux-64/autoconf-2.71-pl5321h2b4cb7a_1.conda
  sha256: 04868bf7a2737af8c8a828b2c4b59653180a91da9c3ece77bae4e429a1b84cc1
  md5: 50cabb1aee157a18082c7c92cc4b3143
  depends:
  - libgcc-ng >=12
  - m4
  - perl 5.*
  license: GPL-3.0-or-later
  license_family: GPL
  purls: []
  size: 640760
  timestamp: 1675368304772
- conda: https://conda.anaconda.org/conda-forge/linux-64/automake-1.16.5-pl5321ha770c72_0.tar.bz2
  sha256: 531d701fb733f74f059fb1ddd83d34336a668129c0ec0e9e5e365e89b11604e3
  md5: a080bab94ace15a29b24b0e85ce58ba0
  depends:
  - autoconf
  - m4
  - perl 5.*
  license: GPL-3.0-or-later
  license_family: GPL
  purls: []
  size: 655984
  timestamp: 1634805925378
- conda: https://conda.anaconda.org/conda-forge/linux-64/binutils_impl_linux-64-2.45.1-bootstrap_h59bd682_2.conda
  sha256: a439e3c858547c9ee5b3b53a93e1aa4ddbbf7e918f51e2b0747e1f1f83a799c3
  md5: 89572c6f5e6c24375ffd022c5d790628
  depends:
  - ld_impl_linux-64 2.45.1 bootstrap_ha15bf96_2
  - sysroot_linux-64
  license: GPL-3.0-only
  license_family: GPL
  purls: []
  size: 3717952
  timestamp: 1774197461353
- pypi: https://files.pythonhosted.org/packages/ca/64/b923da8df7f3e3887fafa6d8a94c0f8c38b785be60aa725c5f0f614b6226/bsbolt-1.6.0.tar.gz
  name: bsbolt
  version: 1.6.0
  sha256: fa90ff27769f827737c6a058aa38d5c855c64dc4653e2aa8c27c3ce2d18d0431
  requires_dist:
  - pysam>=0.15.3
  - numpy>=1.16.3
  - tqdm>=4.31.1
  - setuptools>=46.0.0
  requires_python: '>=3.6'
- conda: https://conda.anaconda.org/conda-forge/linux-64/bzip2-1.0.8-hda65f42_9.conda
  sha256: 0b75d45f0bba3e95dc693336fa51f40ea28c980131fec438afb7ce6118ed05f6
  md5: d2ffd7602c02f2b316fd921d39876885
  depends:
  - __glibc >=2.17,<3.0.a0
  - libgcc >=14
  license: bzip2-1.0.6
  license_family: BSD
  purls: []
  size: 260182
  timestamp: 1771350215188
- conda: https://conda.anaconda.org/conda-forge/noarch/ca-certificates-2026.2.25-hbd8a1cb_0.conda
  sha256: 67cc7101b36421c5913a1687ef1b99f85b5d6868da3abbf6ec1a4181e79782fc
  md5: 4492fd26db29495f0ba23f146cd5638d
  depends:
  - __unix
  license: ISC
  purls: []
  size: 147413
  timestamp: 1772006283803
- conda: https://conda.anaconda.org/conda-forge/linux-64/conda-gcc-specs-13.4.0-h109b0d3_18.conda
  sha256: c941e26b0898c85e5b4fdbc08d55f5b57d30a7008fcabe3a701f9ba008b79e45
  md5: fa7ecb1bad14085f74246ebcca368fec
  depends:
  - gcc_impl_linux-64 >=13.4.0,<13.4.1.0a0
  license: GPL-3.0-only WITH GCC-exception-3.1
  license_family: GPL
  purls: []
  size: 31538
  timestamp: 1771377555764
- conda: https://conda.anaconda.org/conda-forge/linux-64/gcc-13.4.0-h0dff253_18.conda
  sha256: 3eaad231033739335f2b0dfebd000b2203891f198082d774a6fe8f3cbef6a81c
  md5: 39a519bbdc9c56d4790d7f15f2da4cd7
  depends:
  - conda-gcc-specs
  - gcc_impl_linux-64 13.4.0 he2fa53e_18
  license: BSD-3-Clause
  license_family: BSD
  purls: []
  size: 29388
  timestamp: 1771377704762
- conda: https://conda.anaconda.org/conda-forge/linux-64/gcc_impl_linux-64-13.4.0-he2fa53e_18.conda
  sha256: a72fc88869a522547c33aa80f8e9ab9a925636f074c3688be561b36a30504dd0
  md5: 1a034b3bff9d06e2858ad7afbc3089f4
  depends:
  - binutils_impl_linux-64 >=2.45
  - libgcc >=13.4.0
  - libgcc-devel_linux-64 13.4.0 hd1d28cc_118
  - libgomp >=13.4.0
  - libsanitizer 13.4.0 h2a15e64_18
  - libstdcxx >=13.4.0
  - libstdcxx-devel_linux-64 13.4.0 h6963c3b_118
  - sysroot_linux-64
  license: GPL-3.0-only WITH GCC-exception-3.1
  license_family: GPL
  purls: []
  size: 70043430
  timestamp: 1771377466052
- conda: https://conda.anaconda.org/conda-forge/linux-64/gxx-13.4.0-h76987e4_18.conda
  sha256: 8c876de9409991e197eb6d723fc502a88012f60da38612166c403794392edc74
  md5: 7713811d62bfe17c9ba66136ce9abd01
  depends:
  - gcc 13.4.0 h0dff253_18
  - gxx_impl_linux-64 13.4.0 h6a38259_18
  license: BSD-3-Clause
  license_family: BSD
  purls: []
  size: 28838
  timestamp: 1771377738188
- conda: https://conda.anaconda.org/conda-forge/linux-64/gxx_impl_linux-64-13.4.0-h6a38259_18.conda
  sha256: 95676e274926fe9081205661db1a87169d9cf487bdb17072a63c1d907dfe7f8f
  md5: 39904d74f923c52a10700e5804920932
  depends:
  - gcc_impl_linux-64 13.4.0 he2fa53e_18
  - libstdcxx-devel_linux-64 13.4.0 h6963c3b_118
  - sysroot_linux-64
  - tzdata
  license: GPL-3.0-only WITH GCC-exception-3.1
  license_family: GPL
  purls: []
  size: 13997423
  timestamp: 1771377656949
- conda: https://conda.anaconda.org/conda-forge/noarch/kernel-headers_linux-64-4.18.0-he073ed8_9.conda
  sha256: 41557eeadf641de6aeae49486cef30d02a6912d8da98585d687894afd65b356a
  md5: 86d9cba083cd041bfbf242a01a7a1999
  constrains:
  - sysroot_linux-64 ==2.28
  license: LGPL-2.0-or-later AND LGPL-2.0-or-later WITH exceptions AND GPL-2.0-or-later
  license_family: GPL
  purls: []
  size: 1278712
  timestamp: 1765578681495
- conda: https://conda.anaconda.org/conda-forge/linux-64/ld_impl_linux-64-2.45.1-bootstrap_ha15bf96_2.conda
  sha256: ffc8fb61b32f421687a35b1b6bdd7e73278da0ea1a0d616b624eb3760ed21742
  md5: bafc61899c34054d1f5e7cd85a2f81e9
  depends:
  - __glibc >=2.17,<3.0.a0
  constrains:
  - binutils_impl_linux-64 2.45.1
  license: GPL-3.0-only
  license_family: GPL
  purls: []
  size: 730756
  timestamp: 1774197447552
- conda: https://conda.anaconda.org/conda-forge/linux-64/libexpat-2.7.5-hecca717_0.conda
  sha256: e8c2b57f6aacabdf2f1b0924bd4831ce5071ba080baa4a9e8c0d720588b6794c
  md5: 49f570f3bc4c874a06ea69b7225753af
  depends:
  - __glibc >=2.17,<3.0.a0
  - libgcc >=14
  constrains:
  - expat 2.7.5.*
  license: MIT
  license_family: MIT
  purls: []
  size: 76624
  timestamp: 1774719175983
- conda: https://conda.anaconda.org/conda-forge/linux-64/libffi-3.5.2-h3435931_0.conda
  sha256: 31f19b6a88ce40ebc0d5a992c131f57d919f73c0b92cd1617a5bec83f6e961e6
  md5: a360c33a5abe61c07959e449fa1453eb
  depends:
  - __glibc >=2.17,<3.0.a0
  - libgcc >=14
  license: MIT
  license_family: MIT
  purls: []
  size: 58592
  timestamp: 1769456073053
- conda: https://conda.anaconda.org/conda-forge/linux-64/libgcc-15.2.0-he0feb66_18.conda
  sha256: faf7d2017b4d718951e3a59d081eb09759152f93038479b768e3d612688f83f5
  md5: 0aa00f03f9e39fb9876085dee11a85d4
  depends:
  - __glibc >=2.17,<3.0.a0
  - _openmp_mutex >=4.5
  constrains:
  - libgcc-ng ==15.2.0=*_18
  - libgomp 15.2.0 he0feb66_18
  license: GPL-3.0-only WITH GCC-exception-3.1
  license_family: GPL
  purls: []
  size: 1041788
  timestamp: 1771378212382
- conda: https://conda.anaconda.org/conda-forge/noarch/libgcc-devel_linux-64-13.4.0-hd1d28cc_118.conda
  sha256: 2f4150691400ec130ffebca96f375224ed47e062f3ab4adecec4acd79463357b
  md5: 1012081c5cc2806ba38bf580ca5aa3f5
  depends:
  - __unix
  license: GPL-3.0-only WITH GCC-exception-3.1
  license_family: GPL
  purls: []
  size: 2844236
  timestamp: 1771377215473
- conda: https://conda.anaconda.org/conda-forge/linux-64/libgcc-ng-15.2.0-h69a702a_18.conda
  sha256: e318a711400f536c81123e753d4c797a821021fb38970cebfb3f454126016893
  md5: d5e96b1ed75ca01906b3d2469b4ce493
  depends:
  - libgcc 15.2.0 he0feb66_18
  license: GPL-3.0-only WITH GCC-exception-3.1
  license_family: GPL
  purls: []
  size: 27526
  timestamp: 1771378224552
- conda: https://conda.anaconda.org/conda-forge/linux-64/libgomp-15.2.0-he0feb66_18.conda
  sha256: 21337ab58e5e0649d869ab168d4e609b033509de22521de1bfed0c031bfc5110
  md5: 239c5e9546c38a1e884d69effcf4c882
  depends:
  - __glibc >=2.17,<3.0.a0
  license: GPL-3.0-only WITH GCC-exception-3.1
  license_family: GPL
  purls: []
  size: 603262
  timestamp: 1771378117851
- conda: https://conda.anaconda.org/conda-forge/linux-64/liblzma-5.8.3-hb03c661_0.conda
  sha256: ec30e52a3c1bf7d0425380a189d209a52baa03f22fb66dd3eb587acaa765bd6d
  md5: b88d90cad08e6bc8ad540cb310a761fb
  depends:
  - __glibc >=2.17,<3.0.a0
  - libgcc >=14
  constrains:
  - xz 5.8.3.*
  license: 0BSD
  purls: []
  size: 113478
  timestamp: 1775825492909
- conda: https://conda.anaconda.org/conda-forge/linux-64/liblzma-devel-5.8.3-hb03c661_0.conda
  sha256: 7858f6a173206bc8a5bdc8e75690483bb66c0dcc3809ac1cb43c561a4723623a
  md5: 55c20edec8e90c4703787acaade60808
  depends:
  - __glibc >=2.17,<3.0.a0
  - libgcc >=14
  - liblzma 5.8.3 hb03c661_0
  license: 0BSD
  purls: []
  size: 491429
  timestamp: 1775825511214
- conda: https://conda.anaconda.org/conda-forge/linux-64/libnsl-2.0.1-hb9d3cd8_1.conda
  sha256: 927fe72b054277cde6cb82597d0fcf6baf127dcbce2e0a9d8925a68f1265eef5
  md5: d864d34357c3b65a4b731f78c0801dc4
  depends:
  - __glibc >=2.17,<3.0.a0
  - libgcc >=13
  license: LGPL-2.1-only
  license_family: GPL
  purls: []
  size: 33731
  timestamp: 1750274110928
- conda: https://conda.anaconda.org/conda-forge/linux-64/libsanitizer-13.4.0-h2a15e64_18.conda
  sha256: 019d5635f8b546e70886740a255f0ad92f777a990d504d7bb945539b16dbaee1
  md5: d4cccd80dee79958aa4581987d8f375d
  depends:
  - __glibc >=2.17,<3.0.a0
  - libgcc >=13.4.0
  - libstdcxx >=13.4.0
  license: GPL-3.0-only WITH GCC-exception-3.1
  license_family: GPL
  purls: []
  size: 6591860
  timestamp: 1771377400521
- conda: https://conda.anaconda.org/conda-forge/linux-64/libsqlite-3.46.0-hde9e2c9_0.conda
  sha256: daee3f68786231dad457d0dfde3f7f1f9a7f2018adabdbb864226775101341a8
  md5: 18aa975d2094c34aef978060ae7da7d8
  depends:
  - libgcc-ng >=12
  - libzlib >=1.2.13,<2.0a0
  license: Unlicense
  purls: []
  size: 865346
  timestamp: 1718050628718
- conda: https://conda.anaconda.org/conda-forge/linux-64/libstdcxx-15.2.0-h934c35e_18.conda
  sha256: 78668020064fdaa27e9ab65cd2997e2c837b564ab26ce3bf0e58a2ce1a525c6e
  md5: 1b08cd684f34175e4514474793d44bcb
  depends:
  - __glibc >=2.17,<3.0.a0
  - libgcc 15.2.0 he0feb66_18
  constrains:
  - libstdcxx-ng ==15.2.0=*_18
  license: GPL-3.0-only WITH GCC-exception-3.1
  license_family: GPL
  purls: []
  size: 5852330
  timestamp: 1771378262446
- conda: https://conda.anaconda.org/conda-forge/noarch/libstdcxx-devel_linux-64-13.4.0-h6963c3b_118.conda
  sha256: 29477fff696ba73c22dbb958835d0c9d6d78bac8df8fabe29b9508c4ada3e6b3
  md5: 2aa85201a0eed4ea8eb47aed81e2cbbe
  depends:
  - __unix
  license: GPL-3.0-only WITH GCC-exception-3.1
  license_family: GPL
  purls: []
  size: 19902036
  timestamp: 1771377254135
- conda: https://conda.anaconda.org/conda-forge/linux-64/libtool-2.4.7-he02047a_1.conda
  sha256: 36522bcb7ec0dc611d8cde1fffaf14a79bcba575676aed5c5b4251388c868726
  md5: 2ca22c3c01cf286675450d3c455c717e
  depends:
  - __glibc >=2.17,<3.0.a0
  - libgcc-ng >=12
  license: GPL-2.0-or-later
  license_family: GPL
  purls: []
  size: 414185
  timestamp: 1724629463627
- conda: https://conda.anaconda.org/conda-forge/linux-64/libuuid-2.42-h5347b49_0.conda
  sha256: bc1b08c92626c91500fd9f26f2c797f3eb153b627d53e9c13cd167f1e12b2829
  md5: 38ffe67b78c9d4de527be8315e5ada2c
  depends:
  - __glibc >=2.17,<3.0.a0
  - libgcc >=14
  license: BSD-3-Clause
  license_family: BSD
  purls: []
  size: 40297
  timestamp: 1775052476770
- conda: https://conda.anaconda.org/conda-forge/linux-64/libxcrypt-4.4.36-hd590300_1.conda
  sha256: 6ae68e0b86423ef188196fff6207ed0c8195dd84273cb5623b85aa08033a410c
  md5: 5aa797f8787fe7a17d1b0821485b5adc
  depends:
  - libgcc-ng >=12
  license: LGPL-2.1-or-later
  purls: []
  size: 100393
  timestamp: 1702724383534
- conda: https://conda.anaconda.org/conda-forge/linux-64/libzlib-1.2.13-h4ab18f5_6.conda
  sha256: 8ced4afed6322172182af503f21725d072a589a6eb918f8a58135c1e00d35980
  md5: 27329162c0dc732bcf67a4e0cd488125
  depends:
  - libgcc-ng >=12
  constrains:
  - zlib 1.2.13 *_6
  license: Zlib
  license_family: Other
  purls: []
  size: 61571
  timestamp: 1716874066944
- conda: https://conda.anaconda.org/conda-forge/linux-64/m4-1.4.21-hb03c661_0.conda
  sha256: 5602528aaeb58b02259d68bdc8eca934a18e449df8bf8f904c039c9749e3514c
  md5: 2c0696bb8251b054469ef84cc8953294
  depends:
  - __glibc >=2.17,<3.0.a0
  - libgcc >=14
  license: GPL-3.0-or-later
  license_family: GPL
  purls: []
  size: 290659
  timestamp: 1770422672622
- conda: https://conda.anaconda.org/conda-forge/linux-64/make-4.4.1-hb9d3cd8_2.conda
  sha256: d652c7bd4d3b6f82b0f6d063b0d8df6f54cc47531092d7ff008e780f3261bdda
  md5: 33405d2a66b1411db9f7242c8b97c9e7
  depends:
  - __glibc >=2.17,<3.0.a0
  - libgcc >=13
  license: GPL-3.0-or-later
  license_family: GPL
  purls: []
  size: 513088
  timestamp: 1727801714848
- conda: https://conda.anaconda.org/conda-forge/linux-64/ncurses-6.5-h2d0b736_3.conda
  sha256: 3fde293232fa3fca98635e1167de6b7c7fda83caf24b9d6c91ec9eefb4f4d586
  md5: 47e340acb35de30501a76c7c799c41d7
  depends:
  - __glibc >=2.17,<3.0.a0
  - libgcc >=13
  license: X11 AND BSD-3-Clause
  purls: []
  size: 891641
  timestamp: 1738195959188
- pypi: https://files.pythonhosted.org/packages/cf/c5/9fcb7e0e69cef59cf10c746b84f7d58b08bc66a6b7d459783c5a4f6101a6/numpy-2.4.4-cp311-cp311-manylinux_2_27_x86_64.manylinux_2_28_x86_64.whl
  name: numpy
  version: 2.4.4
  sha256: df3775294accfdd75f32c74ae39fcba920c9a378a2fc18a12b6820aa8c1fb502
  requires_python: '>=3.11'
- conda: https://conda.anaconda.org/conda-forge/linux-64/openssl-3.6.2-h35e630c_0.conda
  sha256: c0ef482280e38c71a08ad6d71448194b719630345b0c9c60744a2010e8a8e0cb
  md5: da1b85b6a87e141f5140bb9924cecab0
  depends:
  - __glibc >=2.17,<3.0.a0
  - ca-certificates
  - libgcc >=14
  license: Apache-2.0
  license_family: Apache
  purls: []
  size: 3167099
  timestamp: 1775587756857
- conda: https://conda.anaconda.org/conda-forge/noarch/packaging-26.1-pyhc364b38_0.conda
  sha256: 171d977bc977fd80f2a05de3d4b7d571c4ec3cdea436ed364e5cd50547c50881
  md5: b8ae38639d323d808da535fb71e31be8
  depends:
  - python >=3.8
  - python
  license: Apache-2.0
  license_family: APACHE
  purls:
  - pkg:pypi/packaging?source=compressed-mapping
  size: 89360
  timestamp: 1776209387231
- conda: https://conda.anaconda.org/conda-forge/linux-64/perl-5.32.1-7_hd590300_perl5.conda
  build_number: 7
  sha256: 9ec32b6936b0e37bcb0ed34f22ec3116e75b3c0964f9f50ecea5f58734ed6ce9
  md5: f2cfec9406850991f4e3d960cc9e3321
  depends:
  - libgcc-ng >=12
  - libxcrypt >=4.4.36
  license: GPL-1.0-or-later OR Artistic-1.0-Perl
  purls: []
  size: 13344463
  timestamp: 1703310653947
- conda: https://conda.anaconda.org/conda-forge/noarch/pip-26.0.1-pyh8b19718_0.conda
  sha256: 8e1497814a9997654ed7990a79c054ea5a42545679407acbc6f7e809c73c9120
  md5: 67bdec43082fd8a9cffb9484420b39a2
  depends:
  - python >=3.10,<3.13.0a0
  - setuptools
  - wheel
  license: MIT
  license_family: MIT
  purls:
  - pkg:pypi/pip?source=compressed-mapping
  size: 1181790
  timestamp: 1770270305795
- pypi: https://files.pythonhosted.org/packages/7b/98/936efaa190ad843c71ca397addc02e676ea4fb389437e2ca0471ad39efb0/pysam-0.23.3-cp311-cp311-manylinux_2_28_x86_64.whl
  name: pysam
  version: 0.23.3
  sha256: a7e9c835126f94ff57199e2f58e61436e12e84d47077e70aac8aa03531c4cc71
  requires_python: '>=3.8'
- conda: https://conda.anaconda.org/conda-forge/linux-64/python-3.11.9-hb806964_0_cpython.conda
  sha256: 177f33a1fb8d3476b38f73c37b42f01c0b014fa0e039a701fd9f83d83aae6d40
  md5: ac68acfa8b558ed406c75e98d3428d7b
  depends:
  - bzip2 >=1.0.8,<2.0a0
  - ld_impl_linux-64 >=2.36.1
  - libexpat >=2.6.2,<3.0a0
  - libffi >=3.4,<4.0a0
  - libgcc-ng >=12
  - libnsl >=2.0.1,<2.1.0a0
  - libsqlite >=3.45.3,<4.0a0
  - libuuid >=2.38.1,<3.0a0
  - libxcrypt >=4.4.36
  - libzlib >=1.2.13,<2.0.0a0
  - ncurses >=6.4.20240210,<7.0a0
  - openssl >=3.2.1,<4.0a0
  - readline >=8.2,<9.0a0
  - tk >=8.6.13,<8.7.0a0
  - tzdata
  - xz >=5.2.6,<6.0a0
  constrains:
  - python_abi 3.11.* *_cp311
  license: Python-2.0
  purls: []
  size: 30884494
  timestamp: 1713553104915
- conda: https://conda.anaconda.org/conda-forge/linux-64/readline-8.3-h853b02a_0.conda
  sha256: 12ffde5a6f958e285aa22c191ca01bbd3d6e710aa852e00618fa6ddc59149002
  md5: d7d95fc8287ea7bf33e0e7116d2b95ec
  depends:
  - __glibc >=2.17,<3.0.a0
  - libgcc >=14
  - ncurses >=6.5,<7.0a0
  license: GPL-3.0-only
  license_family: GPL
  purls: []
  size: 345073
  timestamp: 1765813471974
- conda: https://conda.anaconda.org/conda-forge/noarch/setuptools-82.0.1-pyh332efcf_0.conda
  sha256: 82088a6e4daa33329a30bc26dc19a98c7c1d3f05c0f73ce9845d4eab4924e9e1
  md5: 8e194e7b992f99a5015edbd4ebd38efd
  depends:
  - python >=3.10
  license: MIT
  license_family: MIT
  purls:
  - pkg:pypi/setuptools?source=hash-mapping
  size: 639697
  timestamp: 1773074868565
- conda: https://conda.anaconda.org/conda-forge/noarch/sysroot_linux-64-2.28-h4ee821c_9.conda
  sha256: c47299fe37aebb0fcf674b3be588e67e4afb86225be4b0d452c7eb75c086b851
  md5: 13dc3adbc692664cd3beabd216434749
  depends:
  - __glibc >=2.28
  - kernel-headers_linux-64 4.18.0 he073ed8_9
  - tzdata
  license: LGPL-2.0-or-later AND LGPL-2.0-or-later WITH exceptions AND GPL-2.0-or-later
  license_family: GPL
  purls: []
  size: 24008591
  timestamp: 1765578833462
- conda: https://conda.anaconda.org/conda-forge/linux-64/tk-8.6.13-noxft_h4845f30_101.conda
  sha256: e0569c9caa68bf476bead1bed3d79650bb080b532c64a4af7d8ca286c08dea4e
  md5: d453b98d9c83e71da0741bb0ff4d76bc
  depends:
  - libgcc-ng >=12
  - libzlib >=1.2.13,<2.0.0a0
  license: TCL
  license_family: BSD
  purls: []
  size: 3318875
  timestamp: 1699202167581
- pypi: https://files.pythonhosted.org/packages/16/e1/3079a9ff9b8e11b846c6ac5c8b5bfb7ff225eee721825310c91b3b50304f/tqdm-4.67.3-py3-none-any.whl
  name: tqdm
  version: 4.67.3
  sha256: ee1e4c0e59148062281c49d80b25b67771a127c85fc9676d3be5f243206826bf
  requires_dist:
  - colorama ; sys_platform == 'win32'
  - importlib-metadata ; python_full_version < '3.8'
  - pytest>=6 ; extra == 'dev'
  - pytest-cov ; extra == 'dev'
  - pytest-timeout ; extra == 'dev'
  - pytest-asyncio>=0.24 ; extra == 'dev'
  - nbval ; extra == 'dev'
  - requests ; extra == 'discord'
  - slack-sdk ; extra == 'slack'
  - requests ; extra == 'telegram'
  - ipywidgets>=6 ; extra == 'notebook'
  requires_python: '>=3.7'
- conda: https://conda.anaconda.org/conda-forge/noarch/tzdata-2025c-hc9c84f9_1.conda
  sha256: 1d30098909076af33a35017eed6f2953af1c769e273a0626a04722ac4acaba3c
  md5: ad659d0a2b3e47e38d829aa8cad2d610
  license: LicenseRef-Public-Domain
  purls: []
  size: 119135
  timestamp: 1767016325805
- conda: https://conda.anaconda.org/conda-forge/noarch/wheel-0.46.3-pyhd8ed1ab_0.conda
  sha256: d6cf2f0ebd5e09120c28ecba450556ce553752652d91795442f0e70f837126ae
  md5: bdbd7385b4a67025ac2dba4ef8cb6a8f
  depends:
  - packaging >=24.0
  - python >=3.10
  license: MIT
  license_family: MIT
  purls:
  - pkg:pypi/wheel?source=hash-mapping
  size: 31858
  timestamp: 1769139207397
- conda: https://conda.anaconda.org/conda-forge/linux-64/xz-5.8.3-ha02ee65_0.conda
  sha256: 2553fd3ec0a1020b2ca05ca10b0036a596cb0d4bf3645922fcf69dacce0e6679
  md5: 6a1b6af49a334e4e06b9f103367762bf
  depends:
  - __glibc >=2.17,<3.0.a0
  - libgcc >=14
  - liblzma 5.8.3 hb03c661_0
  - liblzma-devel 5.8.3 hb03c661_0
  - xz-gpl-tools 5.8.3 ha02ee65_0
  - xz-tools 5.8.3 hb03c661_0
  license: 0BSD AND LGPL-2.1-or-later AND GPL-2.0-or-later
  purls: []
  size: 24360
  timestamp: 1775825568523
- conda: https://conda.anaconda.org/conda-forge/linux-64/xz-gpl-tools-5.8.3-ha02ee65_0.conda
  sha256: 8f139666ea18dc8340a44a54056627dd4e89e242e8cd136ab2467d6dc2c192ba
  md5: 8f5e2c6726c1339287a3c76a2c138ac7
  depends:
  - __glibc >=2.17,<3.0.a0
  - libgcc >=14
  - liblzma 5.8.3 hb03c661_0
  constrains:
  - xz 5.8.3.*
  license: 0BSD AND LGPL-2.1-or-later AND GPL-2.0-or-later
  purls: []
  size: 34213
  timestamp: 1775825548743
- conda: https://conda.anaconda.org/conda-forge/linux-64/xz-tools-5.8.3-hb03c661_0.conda
  sha256: 162ebd76803464b8c8ebc7d45df32edf0ec717b3bf369a437ae3b0254f22dc2e
  md5: b62b615caa60812640f24db3a8d0fc87
  depends:
  - __glibc >=2.17,<3.0.a0
  - libgcc >=14
  - liblzma 5.8.3 hb03c661_0
  constrains:
  - xz 5.8.3.*
  license: 0BSD AND LGPL-2.1-or-later
  purls: []
  size: 95955
  timestamp: 1775825530484
- conda: https://conda.anaconda.org/conda-forge/linux-64/zlib-1.2.13-h4ab18f5_6.conda
  sha256: 534824ea44939f3e59ca8ebb95e3ece6f50f9d2a0e69999fbc692311252ed6ac
  md5: 559d338a4234c2ad6e676f460a093e67
  depends:
  - libgcc-ng >=12
  - libzlib 1.2.13 h4ab18f5_6
  license: Zlib
  license_family: Other
  purls: []
  size: 92883
  timestamp: 1716874088980
